
Microsoft Visual Studio Solution File, Format Version 12.00
# Visual Studio Version 16
VisualStudioVersion = 16.0.36631.11
MinimumVisualStudioVersion = 10.0.40219.1
Project("{FAE04EC0-301F-11D3-BF4B-00C04F79EFBC}") = "ProGitForProgrammers", "ProGitForProgrammers\ProGitForProgrammers.csproj", "{13186951-CA71-4127-8DA7-A6F817CC977B}"
EndProject
Global
	GlobalSection(SolutionConfigurationPlatforms) = preSolution
		Debug|Any CPU = Debug|Any CPU
		Release|Any CPU = Release|Any CPU
	EndGlobalSection
	GlobalSection(ProjectConfigurationPlatforms) = postSolution
		{13186951-CA71-4127-8DA7-A6F817CC977B}.Debug|Any CPU.ActiveCfg = Debug|Any CPU
		{13186951-CA71-4127-8DA7-A6F817CC977B}.Debug|Any CPU.Build.0 = Debug|Any CPU
		{13186951-CA71-4127-8DA7-A6F817CC977B}.Release|Any CPU.ActiveCfg = Release|Any CPU
		{13186951-CA71-4127-8DA7-A6F817CC977B}.Release|Any CPU.Build.0 = Release|Any CPU
	EndGlobalSection
	GlobalSection(SolutionProperties) = preSolution
		HideSolutionNode = FALSE
	EndGlobalSection
	GlobalSection(ExtensibilityGlobals) = postSolution
		SolutionGuid = {7DA03A7E-D6C0-4A41-BEB1-6D372EC4C2F9}
	EndGlobalSection
EndGlobal
